
Microsoft Visual Studio Solution File, Format Version 12.00
# Visual Studio 14
VisualStudioVersion = 14.0.23107.0
MinimumVisualStudioVersion = 10.0.40219.1
Project("{2150E333-8FDC-42A3-9474-1A3956D46DE8}") = "Solution Items", "Solution Items", "{E97D28C2-27B1-46AF-8C9E-3532AE73E58C}"
	ProjectSection(SolutionItems) = preProject
		Settings.StyleCop = Settings.StyleCop
		SolutionInfo.cs = SolutionInfo.cs
		Version.txt = Version.txt
	EndProjectSection
EndProject
Project("{FAE04EC0-301F-11D3-BF4B-00C04F79EFBC}") = "FullscreenBrowser", "Product\FullscreenBrowser\FullscreenBrowser.csproj", "{9586D487-B8AB-4012-BFC5-B47737A7E763}"
EndProject
Project("{FAE04EC0-301F-11D3-BF4B-00C04F79EFBC}") = "Config-Gui", "Product\Config-Gui\Config-Gui.csproj", "{02BDB8D1-9E9A-4EC7-BB99-044A7D282F8F}"
EndProject
Project("{FAE04EC0-301F-11D3-BF4B-00C04F79EFBC}") = "Utils", "Product\Shared\Utils\Utils.csproj", "{39438C1C-C826-4440-B283-A471648F52B1}"
EndProject
Project("{2150E333-8FDC-42A3-9474-1A3956D46DE8}") = "References", "References", "{4CE35AD1-00DD-472F-A9E2-85B257681B95}"
	ProjectSection(SolutionItems) = preProject
		References\Settings.StyleCop = References\Settings.StyleCop
	EndProjectSection
EndProject
Project("{2150E333-8FDC-42A3-9474-1A3956D46DE8}") = "Gui", "Gui", "{568C622C-56F3-41B8-BF8D-D57A44338809}"
EndProject
Project("{2150E333-8FDC-42A3-9474-1A3956D46DE8}") = "Shared", "Shared", "{D0630471-C513-4DD0-AE1C-EFF3DC41D6E7}"
EndProject
Project("{FAE04EC0-301F-11D3-BF4B-00C04F79EFBC}") = "Interfaces", "Product\Shared\Interfaces\Interfaces.csproj", "{79514C08-16E6-47B2-B355-5C1C0DA1398F}"
EndProject
Project("{FAE04EC0-301F-11D3-BF4B-00C04F79EFBC}") = "Configuration", "Product\Shared\Configuration\Configuration.csproj", "{42FE87AD-CAE1-4710-85B2-E4EB6A7AD6B0}"
EndProject
Global
	GlobalSection(SolutionConfigurationPlatforms) = preSolution
		Debug|Any CPU = Debug|Any CPU
		Debug|Mixed Platforms = Debug|Mixed Platforms
		Debug|x86 = Debug|x86
		Release|Any CPU = Release|Any CPU
		Release|Mixed Platforms = Release|Mixed Platforms
		Release|x86 = Release|x86
	EndGlobalSection
	GlobalSection(ProjectConfigurationPlatforms) = postSolution
		{9586D487-B8AB-4012-BFC5-B47737A7E763}.Debug|Any CPU.ActiveCfg = Debug|Any CPU
		{9586D487-B8AB-4012-BFC5-B47737A7E763}.Debug|Any CPU.Build.0 = Debug|Any CPU
		{9586D487-B8AB-4012-BFC5-B47737A7E763}.Debug|Mixed Platforms.ActiveCfg = Debug|x86
		{9586D487-B8AB-4012-BFC5-B47737A7E763}.Debug|Mixed Platforms.Build.0 = Debug|x86
		{9586D487-B8AB-4012-BFC5-B47737A7E763}.Debug|x86.ActiveCfg = Debug|x86
		{9586D487-B8AB-4012-BFC5-B47737A7E763}.Debug|x86.Build.0 = Debug|x86
		{9586D487-B8AB-4012-BFC5-B47737A7E763}.Release|Any CPU.ActiveCfg = Release|Any CPU
		{9586D487-B8AB-4012-BFC5-B47737A7E763}.Release|Any CPU.Build.0 = Release|Any CPU
		{9586D487-B8AB-4012-BFC5-B47737A7E763}.Release|Mixed Platforms.ActiveCfg = Release|x86
		{9586D487-B8AB-4012-BFC5-B47737A7E763}.Release|Mixed Platforms.Build.0 = Release|x86
		{9586D487-B8AB-4012-BFC5-B47737A7E763}.Release|x86.ActiveCfg = Release|x86
		{9586D487-B8AB-4012-BFC5-B47737A7E763}.Release|x86.Build.0 = Release|x86
		{02BDB8D1-9E9A-4EC7-BB99-044A7D282F8F}.Debug|Any CPU.ActiveCfg = Debug|Any CPU
		{02BDB8D1-9E9A-4EC7-BB99-044A7D282F8F}.Debug|Any CPU.Build.0 = Debug|Any CPU
		{02BDB8D1-9E9A-4EC7-BB99-044A7D282F8F}.Debug|Mixed Platforms.ActiveCfg = Debug|Any CPU
		{02BDB8D1-9E9A-4EC7-BB99-044A7D282F8F}.Debug|Mixed Platforms.Build.0 = Debug|Any CPU
		{02BDB8D1-9E9A-4EC7-BB99-044A7D282F8F}.Debug|x86.ActiveCfg = Debug|Any CPU
		{02BDB8D1-9E9A-4EC7-BB99-044A7D282F8F}.Release|Any CPU.ActiveCfg = Release|Any CPU
		{02BDB8D1-9E9A-4EC7-BB99-044A7D282F8F}.Release|Any CPU.Build.0 = Release|Any CPU
		{02BDB8D1-9E9A-4EC7-BB99-044A7D282F8F}.Release|Mixed Platforms.ActiveCfg = Release|Any CPU
		{02BDB8D1-9E9A-4EC7-BB99-044A7D282F8F}.Release|Mixed Platforms.Build.0 = Release|Any CPU
		{02BDB8D1-9E9A-4EC7-BB99-044A7D282F8F}.Release|x86.ActiveCfg = Release|Any CPU
		{39438C1C-C826-4440-B283-A471648F52B1}.Debug|Any CPU.ActiveCfg = Debug|Any CPU
		{39438C1C-C826-4440-B283-A471648F52B1}.Debug|Any CPU.Build.0 = Debug|Any CPU
		{39438C1C-C826-4440-B283-A471648F52B1}.Debug|Mixed Platforms.ActiveCfg = Debug|Any CPU
		{39438C1C-C826-4440-B283-A471648F52B1}.Debug|Mixed Platforms.Build.0 = Debug|Any CPU
		{39438C1C-C826-4440-B283-A471648F52B1}.Debug|x86.ActiveCfg = Debug|Any CPU
		{39438C1C-C826-4440-B283-A471648F52B1}.Release|Any CPU.ActiveCfg = Release|Any CPU
		{39438C1C-C826-4440-B283-A471648F52B1}.Release|Any CPU.Build.0 = Release|Any CPU
		{39438C1C-C826-4440-B283-A471648F52B1}.Release|Mixed Platforms.ActiveCfg = Release|Any CPU
		{39438C1C-C826-4440-B283-A471648F52B1}.Release|Mixed Platforms.Build.0 = Release|Any CPU
		{39438C1C-C826-4440-B283-A471648F52B1}.Release|x86.ActiveCfg = Release|Any CPU
		{79514C08-16E6-47B2-B355-5C1C0DA1398F}.Debug|Any CPU.ActiveCfg = Debug|Any CPU
		{79514C08-16E6-47B2-B355-5C1C0DA1398F}.Debug|Any CPU.Build.0 = Debug|Any CPU
		{79514C08-16E6-47B2-B355-5C1C0DA1398F}.Debug|Mixed Platforms.ActiveCfg = Debug|Any CPU
		{79514C08-16E6-47B2-B355-5C1C0DA1398F}.Debug|Mixed Platforms.Build.0 = Debug|Any CPU
		{79514C08-16E6-47B2-B355-5C1C0DA1398F}.Debug|x86.ActiveCfg = Debug|Any CPU
		{79514C08-16E6-47B2-B355-5C1C0DA1398F}.Release|Any CPU.ActiveCfg = Release|Any CPU
		{79514C08-16E6-47B2-B355-5C1C0DA1398F}.Release|Any CPU.Build.0 = Release|Any CPU
		{79514C08-16E6-47B2-B355-5C1C0DA1398F}.Release|Mixed Platforms.ActiveCfg = Release|Any CPU
		{79514C08-16E6-47B2-B355-5C1C0DA1398F}.Release|Mixed Platforms.Build.0 = Release|Any CPU
		{79514C08-16E6-47B2-B355-5C1C0DA1398F}.Release|x86.ActiveCfg = Release|Any CPU
		{42FE87AD-CAE1-4710-85B2-E4EB6A7AD6B0}.Debug|Any CPU.ActiveCfg = Debug|Any CPU
		{42FE87AD-CAE1-4710-85B2-E4EB6A7AD6B0}.Debug|Any CPU.Build.0 = Debug|Any CPU
		{42FE87AD-CAE1-4710-85B2-E4EB6A7AD6B0}.Debug|Mixed Platforms.ActiveCfg = Debug|Any CPU
		{42FE87AD-CAE1-4710-85B2-E4EB6A7AD6B0}.Debug|Mixed Platforms.Build.0 = Debug|Any CPU
		{42FE87AD-CAE1-4710-85B2-E4EB6A7AD6B0}.Debug|x86.ActiveCfg = Debug|Any CPU
		{42FE87AD-CAE1-4710-85B2-E4EB6A7AD6B0}.Release|Any CPU.ActiveCfg = Release|Any CPU
		{42FE87AD-CAE1-4710-85B2-E4EB6A7AD6B0}.Release|Any CPU.Build.0 = Release|Any CPU
		{42FE87AD-CAE1-4710-85B2-E4EB6A7AD6B0}.Release|Mixed Platforms.ActiveCfg = Release|Any CPU
		{42FE87AD-CAE1-4710-85B2-E4EB6A7AD6B0}.Release|Mixed Platforms.Build.0 = Release|Any CPU
		{42FE87AD-CAE1-4710-85B2-E4EB6A7AD6B0}.Release|x86.ActiveCfg = Release|Any CPU
	EndGlobalSection
	GlobalSection(SolutionProperties) = preSolution
		HideSolutionNode = FALSE
	EndGlobalSection
	GlobalSection(NestedProjects) = preSolution
		{9586D487-B8AB-4012-BFC5-B47737A7E763} = {568C622C-56F3-41B8-BF8D-D57A44338809}
		{02BDB8D1-9E9A-4EC7-BB99-044A7D282F8F} = {568C622C-56F3-41B8-BF8D-D57A44338809}
		{39438C1C-C826-4440-B283-A471648F52B1} = {D0630471-C513-4DD0-AE1C-EFF3DC41D6E7}
		{79514C08-16E6-47B2-B355-5C1C0DA1398F} = {D0630471-C513-4DD0-AE1C-EFF3DC41D6E7}
		{42FE87AD-CAE1-4710-85B2-E4EB6A7AD6B0} = {D0630471-C513-4DD0-AE1C-EFF3DC41D6E7}
	EndGlobalSection
EndGlobal
