
Microsoft Visual Studio Solution File, Format Version 12.00
# Visual Studio 14
VisualStudioVersion = 14.0.24720.0
MinimumVisualStudioVersion = 10.0.40219.1
Project("{2150E333-8FDC-42A3-9474-1A3956D46DE8}") = "Solution Items", "Solution Items", "{E97D28C2-27B1-46AF-8C9E-3532AE73E58C}"
	ProjectSection(SolutionItems) = preProject
		Settings.StyleCop = Settings.StyleCop
		SolutionInfo.cs = SolutionInfo.cs
		Version.txt = Version.txt
	EndProjectSection
EndProject
Project("{FAE04EC0-301F-11D3-BF4B-00C04F79EFBC}") = "FullscreenBrowser", "Product\Gui\FullscreenBrowser\FullscreenBrowser.csproj", "{9586D487-B8AB-4012-BFC5-B47737A7E763}"
EndProject
Project("{FAE04EC0-301F-11D3-BF4B-00C04F79EFBC}") = "Config-Gui", "Product\Gui\Config-Gui\Config-Gui.csproj", "{02BDB8D1-9E9A-4EC7-BB99-044A7D282F8F}"
EndProject
Project("{FAE04EC0-301F-11D3-BF4B-00C04F79EFBC}") = "Utils", "Product\Shared\Utils\Utils.csproj", "{39438C1C-C826-4440-B283-A471648F52B1}"
EndProject
Project("{2150E333-8FDC-42A3-9474-1A3956D46DE8}") = "References", "References", "{4CE35AD1-00DD-472F-A9E2-85B257681B95}"
	ProjectSection(SolutionItems) = preProject
		References\Settings.StyleCop = References\Settings.StyleCop
	EndProjectSection
EndProject
Project("{2150E333-8FDC-42A3-9474-1A3956D46DE8}") = "Gui", "Gui", "{568C622C-56F3-41B8-BF8D-D57A44338809}"
EndProject
Project("{2150E333-8FDC-42A3-9474-1A3956D46DE8}") = "Shared", "Shared", "{D0630471-C513-4DD0-AE1C-EFF3DC41D6E7}"
EndProject
Project("{FAE04EC0-301F-11D3-BF4B-00C04F79EFBC}") = "Interfaces", "Product\Shared\Interfaces\Interfaces.csproj", "{79514C08-16E6-47B2-B355-5C1C0DA1398F}"
EndProject
Project("{FAE04EC0-301F-11D3-BF4B-00C04F79EFBC}") = "Configuration", "Product\Shared\Configuration\Configuration.csproj", "{42FE87AD-CAE1-4710-85B2-E4EB6A7AD6B0}"
EndProject
Project("{FAE04EC0-301F-11D3-BF4B-00C04F79EFBC}") = "ModernConfig", "Product\Gui\ModernConfig\ModernConfig.csproj", "{8D52DEAE-FBC1-4BAC-A80B-7392B21EBCD3}"
EndProject
Project("{2150E333-8FDC-42A3-9474-1A3956D46DE8}") = "RPi2", "RPi2", "{AF110E60-F89D-4CBB-ADBE-A14B96D30AEF}"
EndProject
Project("{2150E333-8FDC-42A3-9474-1A3956D46DE8}") = "Win10IoT", "Win10IoT", "{9E891B93-06CB-4F10-966D-CB6DDDDFAB08}"
EndProject
Project("{FAE04EC0-301F-11D3-BF4B-00C04F79EFBC}") = "FullscreenBrowser", "Product\Gui\RPi2\Win10IoT\FullscreenBrowser\FullscreenBrowser.csproj", "{22F65082-A82E-40F8-A320-F604DB25927D}"
EndProject
Global
	GlobalSection(SolutionConfigurationPlatforms) = preSolution
		Debug|Any CPU = Debug|Any CPU
		Debug|ARM = Debug|ARM
		Debug|Mixed Platforms = Debug|Mixed Platforms
		Debug|x64 = Debug|x64
		Debug|x86 = Debug|x86
		Release|Any CPU = Release|Any CPU
		Release|ARM = Release|ARM
		Release|Mixed Platforms = Release|Mixed Platforms
		Release|x64 = Release|x64
		Release|x86 = Release|x86
	EndGlobalSection
	GlobalSection(ProjectConfigurationPlatforms) = postSolution
		{9586D487-B8AB-4012-BFC5-B47737A7E763}.Debug|Any CPU.ActiveCfg = Debug|Any CPU
		{9586D487-B8AB-4012-BFC5-B47737A7E763}.Debug|Any CPU.Build.0 = Debug|Any CPU
		{9586D487-B8AB-4012-BFC5-B47737A7E763}.Debug|ARM.ActiveCfg = Debug|x86
		{9586D487-B8AB-4012-BFC5-B47737A7E763}.Debug|Mixed Platforms.ActiveCfg = Debug|x86
		{9586D487-B8AB-4012-BFC5-B47737A7E763}.Debug|Mixed Platforms.Build.0 = Debug|x86
		{9586D487-B8AB-4012-BFC5-B47737A7E763}.Debug|x64.ActiveCfg = Debug|Any CPU
		{9586D487-B8AB-4012-BFC5-B47737A7E763}.Debug|x64.Build.0 = Debug|Any CPU
		{9586D487-B8AB-4012-BFC5-B47737A7E763}.Debug|x86.ActiveCfg = Debug|x86
		{9586D487-B8AB-4012-BFC5-B47737A7E763}.Debug|x86.Build.0 = Debug|x86
		{9586D487-B8AB-4012-BFC5-B47737A7E763}.Release|Any CPU.ActiveCfg = Release|Any CPU
		{9586D487-B8AB-4012-BFC5-B47737A7E763}.Release|Any CPU.Build.0 = Release|Any CPU
		{9586D487-B8AB-4012-BFC5-B47737A7E763}.Release|ARM.ActiveCfg = Release|x86
		{9586D487-B8AB-4012-BFC5-B47737A7E763}.Release|Mixed Platforms.ActiveCfg = Release|x86
		{9586D487-B8AB-4012-BFC5-B47737A7E763}.Release|Mixed Platforms.Build.0 = Release|x86
		{9586D487-B8AB-4012-BFC5-B47737A7E763}.Release|x64.ActiveCfg = Release|Any CPU
		{9586D487-B8AB-4012-BFC5-B47737A7E763}.Release|x64.Build.0 = Release|Any CPU
		{9586D487-B8AB-4012-BFC5-B47737A7E763}.Release|x86.ActiveCfg = Release|x86
		{9586D487-B8AB-4012-BFC5-B47737A7E763}.Release|x86.Build.0 = Release|x86
		{02BDB8D1-9E9A-4EC7-BB99-044A7D282F8F}.Debug|Any CPU.ActiveCfg = Debug|Any CPU
		{02BDB8D1-9E9A-4EC7-BB99-044A7D282F8F}.Debug|Any CPU.Build.0 = Debug|Any CPU
		{02BDB8D1-9E9A-4EC7-BB99-044A7D282F8F}.Debug|ARM.ActiveCfg = Debug|Any CPU
		{02BDB8D1-9E9A-4EC7-BB99-044A7D282F8F}.Debug|Mixed Platforms.ActiveCfg = Debug|Any CPU
		{02BDB8D1-9E9A-4EC7-BB99-044A7D282F8F}.Debug|Mixed Platforms.Build.0 = Debug|Any CPU
		{02BDB8D1-9E9A-4EC7-BB99-044A7D282F8F}.Debug|x64.ActiveCfg = Debug|Any CPU
		{02BDB8D1-9E9A-4EC7-BB99-044A7D282F8F}.Debug|x64.Build.0 = Debug|Any CPU
		{02BDB8D1-9E9A-4EC7-BB99-044A7D282F8F}.Debug|x86.ActiveCfg = Debug|Any CPU
		{02BDB8D1-9E9A-4EC7-BB99-044A7D282F8F}.Release|Any CPU.ActiveCfg = Release|Any CPU
		{02BDB8D1-9E9A-4EC7-BB99-044A7D282F8F}.Release|Any CPU.Build.0 = Release|Any CPU
		{02BDB8D1-9E9A-4EC7-BB99-044A7D282F8F}.Release|ARM.ActiveCfg = Release|Any CPU
		{02BDB8D1-9E9A-4EC7-BB99-044A7D282F8F}.Release|Mixed Platforms.ActiveCfg = Release|Any CPU
		{02BDB8D1-9E9A-4EC7-BB99-044A7D282F8F}.Release|Mixed Platforms.Build.0 = Release|Any CPU
		{02BDB8D1-9E9A-4EC7-BB99-044A7D282F8F}.Release|x64.ActiveCfg = Release|Any CPU
		{02BDB8D1-9E9A-4EC7-BB99-044A7D282F8F}.Release|x64.Build.0 = Release|Any CPU
		{02BDB8D1-9E9A-4EC7-BB99-044A7D282F8F}.Release|x86.ActiveCfg = Release|Any CPU
		{39438C1C-C826-4440-B283-A471648F52B1}.Debug|Any CPU.ActiveCfg = Debug|Any CPU
		{39438C1C-C826-4440-B283-A471648F52B1}.Debug|Any CPU.Build.0 = Debug|Any CPU
		{39438C1C-C826-4440-B283-A471648F52B1}.Debug|ARM.ActiveCfg = Debug|Any CPU
		{39438C1C-C826-4440-B283-A471648F52B1}.Debug|Mixed Platforms.ActiveCfg = Debug|Any CPU
		{39438C1C-C826-4440-B283-A471648F52B1}.Debug|Mixed Platforms.Build.0 = Debug|Any CPU
		{39438C1C-C826-4440-B283-A471648F52B1}.Debug|x64.ActiveCfg = Debug|Any CPU
		{39438C1C-C826-4440-B283-A471648F52B1}.Debug|x64.Build.0 = Debug|Any CPU
		{39438C1C-C826-4440-B283-A471648F52B1}.Debug|x86.ActiveCfg = Debug|Any CPU
		{39438C1C-C826-4440-B283-A471648F52B1}.Release|Any CPU.ActiveCfg = Release|Any CPU
		{39438C1C-C826-4440-B283-A471648F52B1}.Release|Any CPU.Build.0 = Release|Any CPU
		{39438C1C-C826-4440-B283-A471648F52B1}.Release|ARM.ActiveCfg = Release|Any CPU
		{39438C1C-C826-4440-B283-A471648F52B1}.Release|Mixed Platforms.ActiveCfg = Release|Any CPU
		{39438C1C-C826-4440-B283-A471648F52B1}.Release|Mixed Platforms.Build.0 = Release|Any CPU
		{39438C1C-C826-4440-B283-A471648F52B1}.Release|x64.ActiveCfg = Release|Any CPU
		{39438C1C-C826-4440-B283-A471648F52B1}.Release|x64.Build.0 = Release|Any CPU
		{39438C1C-C826-4440-B283-A471648F52B1}.Release|x86.ActiveCfg = Release|Any CPU
		{79514C08-16E6-47B2-B355-5C1C0DA1398F}.Debug|Any CPU.ActiveCfg = Debug|Any CPU
		{79514C08-16E6-47B2-B355-5C1C0DA1398F}.Debug|Any CPU.Build.0 = Debug|Any CPU
		{79514C08-16E6-47B2-B355-5C1C0DA1398F}.Debug|ARM.ActiveCfg = Debug|Any CPU
		{79514C08-16E6-47B2-B355-5C1C0DA1398F}.Debug|Mixed Platforms.ActiveCfg = Debug|Any CPU
		{79514C08-16E6-47B2-B355-5C1C0DA1398F}.Debug|Mixed Platforms.Build.0 = Debug|Any CPU
		{79514C08-16E6-47B2-B355-5C1C0DA1398F}.Debug|x64.ActiveCfg = Debug|Any CPU
		{79514C08-16E6-47B2-B355-5C1C0DA1398F}.Debug|x64.Build.0 = Debug|Any CPU
		{79514C08-16E6-47B2-B355-5C1C0DA1398F}.Debug|x86.ActiveCfg = Debug|Any CPU
		{79514C08-16E6-47B2-B355-5C1C0DA1398F}.Release|Any CPU.ActiveCfg = Release|Any CPU
		{79514C08-16E6-47B2-B355-5C1C0DA1398F}.Release|Any CPU.Build.0 = Release|Any CPU
		{79514C08-16E6-47B2-B355-5C1C0DA1398F}.Release|ARM.ActiveCfg = Release|Any CPU
		{79514C08-16E6-47B2-B355-5C1C0DA1398F}.Release|Mixed Platforms.ActiveCfg = Release|Any CPU
		{79514C08-16E6-47B2-B355-5C1C0DA1398F}.Release|Mixed Platforms.Build.0 = Release|Any CPU
		{79514C08-16E6-47B2-B355-5C1C0DA1398F}.Release|x64.ActiveCfg = Release|Any CPU
		{79514C08-16E6-47B2-B355-5C1C0DA1398F}.Release|x64.Build.0 = Release|Any CPU
		{79514C08-16E6-47B2-B355-5C1C0DA1398F}.Release|x86.ActiveCfg = Release|Any CPU
		{42FE87AD-CAE1-4710-85B2-E4EB6A7AD6B0}.Debug|Any CPU.ActiveCfg = Debug|Any CPU
		{42FE87AD-CAE1-4710-85B2-E4EB6A7AD6B0}.Debug|Any CPU.Build.0 = Debug|Any CPU
		{42FE87AD-CAE1-4710-85B2-E4EB6A7AD6B0}.Debug|ARM.ActiveCfg = Debug|Any CPU
		{42FE87AD-CAE1-4710-85B2-E4EB6A7AD6B0}.Debug|Mixed Platforms.ActiveCfg = Debug|Any CPU
		{42FE87AD-CAE1-4710-85B2-E4EB6A7AD6B0}.Debug|Mixed Platforms.Build.0 = Debug|Any CPU
		{42FE87AD-CAE1-4710-85B2-E4EB6A7AD6B0}.Debug|x64.ActiveCfg = Debug|Any CPU
		{42FE87AD-CAE1-4710-85B2-E4EB6A7AD6B0}.Debug|x64.Build.0 = Debug|Any CPU
		{42FE87AD-CAE1-4710-85B2-E4EB6A7AD6B0}.Debug|x86.ActiveCfg = Debug|Any CPU
		{42FE87AD-CAE1-4710-85B2-E4EB6A7AD6B0}.Release|Any CPU.ActiveCfg = Release|Any CPU
		{42FE87AD-CAE1-4710-85B2-E4EB6A7AD6B0}.Release|Any CPU.Build.0 = Release|Any CPU
		{42FE87AD-CAE1-4710-85B2-E4EB6A7AD6B0}.Release|ARM.ActiveCfg = Release|Any CPU
		{42FE87AD-CAE1-4710-85B2-E4EB6A7AD6B0}.Release|Mixed Platforms.ActiveCfg = Release|Any CPU
		{42FE87AD-CAE1-4710-85B2-E4EB6A7AD6B0}.Release|Mixed Platforms.Build.0 = Release|Any CPU
		{42FE87AD-CAE1-4710-85B2-E4EB6A7AD6B0}.Release|x64.ActiveCfg = Release|Any CPU
		{42FE87AD-CAE1-4710-85B2-E4EB6A7AD6B0}.Release|x64.Build.0 = Release|Any CPU
		{42FE87AD-CAE1-4710-85B2-E4EB6A7AD6B0}.Release|x86.ActiveCfg = Release|Any CPU
		{8D52DEAE-FBC1-4BAC-A80B-7392B21EBCD3}.Debug|Any CPU.ActiveCfg = Debug|Any CPU
		{8D52DEAE-FBC1-4BAC-A80B-7392B21EBCD3}.Debug|Any CPU.Build.0 = Debug|Any CPU
		{8D52DEAE-FBC1-4BAC-A80B-7392B21EBCD3}.Debug|ARM.ActiveCfg = Debug|Any CPU
		{8D52DEAE-FBC1-4BAC-A80B-7392B21EBCD3}.Debug|Mixed Platforms.ActiveCfg = Debug|Any CPU
		{8D52DEAE-FBC1-4BAC-A80B-7392B21EBCD3}.Debug|x64.ActiveCfg = Debug|Any CPU
		{8D52DEAE-FBC1-4BAC-A80B-7392B21EBCD3}.Debug|x64.Build.0 = Debug|Any CPU
		{8D52DEAE-FBC1-4BAC-A80B-7392B21EBCD3}.Debug|x86.ActiveCfg = Debug|Any CPU
		{8D52DEAE-FBC1-4BAC-A80B-7392B21EBCD3}.Debug|x86.Build.0 = Debug|Any CPU
		{8D52DEAE-FBC1-4BAC-A80B-7392B21EBCD3}.Release|Any CPU.ActiveCfg = Release|Any CPU
		{8D52DEAE-FBC1-4BAC-A80B-7392B21EBCD3}.Release|Any CPU.Build.0 = Release|Any CPU
		{8D52DEAE-FBC1-4BAC-A80B-7392B21EBCD3}.Release|ARM.ActiveCfg = Release|Any CPU
		{8D52DEAE-FBC1-4BAC-A80B-7392B21EBCD3}.Release|Mixed Platforms.ActiveCfg = Release|Any CPU
		{8D52DEAE-FBC1-4BAC-A80B-7392B21EBCD3}.Release|x64.ActiveCfg = Release|Any CPU
		{8D52DEAE-FBC1-4BAC-A80B-7392B21EBCD3}.Release|x64.Build.0 = Release|Any CPU
		{8D52DEAE-FBC1-4BAC-A80B-7392B21EBCD3}.Release|x86.ActiveCfg = Release|Any CPU
		{8D52DEAE-FBC1-4BAC-A80B-7392B21EBCD3}.Release|x86.Build.0 = Release|Any CPU
		{22F65082-A82E-40F8-A320-F604DB25927D}.Debug|Any CPU.ActiveCfg = Debug|x86
		{22F65082-A82E-40F8-A320-F604DB25927D}.Debug|ARM.ActiveCfg = Debug|ARM
		{22F65082-A82E-40F8-A320-F604DB25927D}.Debug|ARM.Build.0 = Debug|ARM
		{22F65082-A82E-40F8-A320-F604DB25927D}.Debug|ARM.Deploy.0 = Debug|ARM
		{22F65082-A82E-40F8-A320-F604DB25927D}.Debug|Mixed Platforms.ActiveCfg = Debug|ARM
		{22F65082-A82E-40F8-A320-F604DB25927D}.Debug|Mixed Platforms.Build.0 = Debug|ARM
		{22F65082-A82E-40F8-A320-F604DB25927D}.Debug|Mixed Platforms.Deploy.0 = Debug|ARM
		{22F65082-A82E-40F8-A320-F604DB25927D}.Debug|x64.ActiveCfg = Debug|x64
		{22F65082-A82E-40F8-A320-F604DB25927D}.Debug|x64.Build.0 = Debug|x64
		{22F65082-A82E-40F8-A320-F604DB25927D}.Debug|x64.Deploy.0 = Debug|x64
		{22F65082-A82E-40F8-A320-F604DB25927D}.Debug|x86.ActiveCfg = Debug|x86
		{22F65082-A82E-40F8-A320-F604DB25927D}.Debug|x86.Build.0 = Debug|x86
		{22F65082-A82E-40F8-A320-F604DB25927D}.Debug|x86.Deploy.0 = Debug|x86
		{22F65082-A82E-40F8-A320-F604DB25927D}.Release|Any CPU.ActiveCfg = Release|x86
		{22F65082-A82E-40F8-A320-F604DB25927D}.Release|ARM.ActiveCfg = Release|ARM
		{22F65082-A82E-40F8-A320-F604DB25927D}.Release|ARM.Build.0 = Release|ARM
		{22F65082-A82E-40F8-A320-F604DB25927D}.Release|ARM.Deploy.0 = Release|ARM
		{22F65082-A82E-40F8-A320-F604DB25927D}.Release|Mixed Platforms.ActiveCfg = Release|ARM
		{22F65082-A82E-40F8-A320-F604DB25927D}.Release|Mixed Platforms.Build.0 = Release|ARM
		{22F65082-A82E-40F8-A320-F604DB25927D}.Release|Mixed Platforms.Deploy.0 = Release|ARM
		{22F65082-A82E-40F8-A320-F604DB25927D}.Release|x64.ActiveCfg = Release|x64
		{22F65082-A82E-40F8-A320-F604DB25927D}.Release|x64.Build.0 = Release|x64
		{22F65082-A82E-40F8-A320-F604DB25927D}.Release|x64.Deploy.0 = Release|x64
		{22F65082-A82E-40F8-A320-F604DB25927D}.Release|x86.ActiveCfg = Release|x86
		{22F65082-A82E-40F8-A320-F604DB25927D}.Release|x86.Build.0 = Release|x86
		{22F65082-A82E-40F8-A320-F604DB25927D}.Release|x86.Deploy.0 = Release|x86
	EndGlobalSection
	GlobalSection(SolutionProperties) = preSolution
		HideSolutionNode = FALSE
	EndGlobalSection
	GlobalSection(NestedProjects) = preSolution
		{9586D487-B8AB-4012-BFC5-B47737A7E763} = {568C622C-56F3-41B8-BF8D-D57A44338809}
		{02BDB8D1-9E9A-4EC7-BB99-044A7D282F8F} = {568C622C-56F3-41B8-BF8D-D57A44338809}
		{39438C1C-C826-4440-B283-A471648F52B1} = {D0630471-C513-4DD0-AE1C-EFF3DC41D6E7}
		{79514C08-16E6-47B2-B355-5C1C0DA1398F} = {D0630471-C513-4DD0-AE1C-EFF3DC41D6E7}
		{42FE87AD-CAE1-4710-85B2-E4EB6A7AD6B0} = {D0630471-C513-4DD0-AE1C-EFF3DC41D6E7}
		{8D52DEAE-FBC1-4BAC-A80B-7392B21EBCD3} = {568C622C-56F3-41B8-BF8D-D57A44338809}
		{AF110E60-F89D-4CBB-ADBE-A14B96D30AEF} = {568C622C-56F3-41B8-BF8D-D57A44338809}
		{9E891B93-06CB-4F10-966D-CB6DDDDFAB08} = {AF110E60-F89D-4CBB-ADBE-A14B96D30AEF}
		{22F65082-A82E-40F8-A320-F604DB25927D} = {9E891B93-06CB-4F10-966D-CB6DDDDFAB08}
	EndGlobalSection
EndGlobal
